
Microsoft Visual Studio Solution File, Format Version 12.00
# Visual Studio Version 16
VisualStudioVersion = 16.0.29209.62
MinimumVisualStudioVersion = 10.0.40219.1
Project("{FAE04EC0-301F-11D3-BF4B-00C04F79EFBC}") = "MonthCalendar", "MonthCalendar\MonthCalendar.csproj", "{97C12FF9-B8B9-4916-AAB0-8968BC759F98}"
EndProject
Global
	GlobalSection(SolutionConfigurationPlatforms) = preSolution
		Debug|Any CPU = Debug|Any CPU
		Release|Any CPU = Release|Any CPU
	EndGlobalSection
	GlobalSection(ProjectConfigurationPlatforms) = postSolution
		{97C12FF9-B8B9-4916-AAB0-8968BC759F98}.Debug|Any CPU.ActiveCfg = Debug|Any CPU
		{97C12FF9-B8B9-4916-AAB0-8968BC759F98}.Debug|Any CPU.Build.0 = Debug|Any CPU
		{97C12FF9-B8B9-4916-AAB0-8968BC759F98}.Release|Any CPU.ActiveCfg = Release|Any CPU
		{97C12FF9-B8B9-4916-AAB0-8968BC759F98}.Release|Any CPU.Build.0 = Release|Any CPU
	EndGlobalSection
	GlobalSection(SolutionProperties) = preSolution
		HideSolutionNode = FALSE
	EndGlobalSection
	GlobalSection(ExtensibilityGlobals) = postSolution
		SolutionGuid = {C2D1E2BA-BEBF-4BA5-9B26-3FC1F5058404}
	EndGlobalSection
EndGlobal
