
Microsoft Visual Studio Solution File, Format Version 12.00
# Visual Studio Version 16
VisualStudioVersion = 16.0.29209.62
MinimumVisualStudioVersion = 10.0.40219.1
Project("{FAE04EC0-301F-11D3-BF4B-00C04F79EFBC}") = "User Information", "User Information\User Information.csproj", "{042BB92D-8B38-4CDB-B211-484D7E3ADB6B}"
EndProject
Global
	GlobalSection(SolutionConfigurationPlatforms) = preSolution
		Debug|Any CPU = Debug|Any CPU
		Release|Any CPU = Release|Any CPU
	EndGlobalSection
	GlobalSection(ProjectConfigurationPlatforms) = postSolution
		{042BB92D-8B38-4CDB-B211-484D7E3ADB6B}.Debug|Any CPU.ActiveCfg = Debug|Any CPU
		{042BB92D-8B38-4CDB-B211-484D7E3ADB6B}.Debug|Any CPU.Build.0 = Debug|Any CPU
		{042BB92D-8B38-4CDB-B211-484D7E3ADB6B}.Release|Any CPU.ActiveCfg = Release|Any CPU
		{042BB92D-8B38-4CDB-B211-484D7E3ADB6B}.Release|Any CPU.Build.0 = Release|Any CPU
	EndGlobalSection
	GlobalSection(SolutionProperties) = preSolution
		HideSolutionNode = FALSE
	EndGlobalSection
	GlobalSection(ExtensibilityGlobals) = postSolution
		SolutionGuid = {1A82C432-E874-437F-A7BC-9414CEDE048E}
	EndGlobalSection
EndGlobal
